
Microsoft Visual Studio Solution File, Format Version 12.00
# Visual Studio Version 17
VisualStudioVersion = 17.10.34928.147
MinimumVisualStudioVersion = 10.0.40219.1
Project("{FAE04EC0-301F-11D3-BF4B-00C04F79EFBC}") = "partial_class", "partial_class.csproj", "{BD23D56B-FB2D-4574-A481-E38C09D1CE4B}"
EndProject
Global
	GlobalSection(SolutionConfigurationPlatforms) = preSolution
		Debug|Any CPU = Debug|Any CPU
		Release|Any CPU = Release|Any CPU
	EndGlobalSection
	GlobalSection(ProjectConfigurationPlatforms) = postSolution
		{BD23D56B-FB2D-4574-A481-E38C09D1CE4B}.Debug|Any CPU.ActiveCfg = Debug|Any CPU
		{BD23D56B-FB2D-4574-A481-E38C09D1CE4B}.Debug|Any CPU.Build.0 = Debug|Any CPU
		{BD23D56B-FB2D-4574-A481-E38C09D1CE4B}.Release|Any CPU.ActiveCfg = Release|Any CPU
		{BD23D56B-FB2D-4574-A481-E38C09D1CE4B}.Release|Any CPU.Build.0 = Release|Any CPU
	EndGlobalSection
	GlobalSection(SolutionProperties) = preSolution
		HideSolutionNode = FALSE
	EndGlobalSection
	GlobalSection(ExtensibilityGlobals) = postSolution
		SolutionGuid = {14734453-5A5D-4078-A363-1CBAA3B7C2D8}
	EndGlobalSection
EndGlobal
