
Microsoft Visual Studio Solution File, Format Version 12.00
# Visual Studio Version 17
VisualStudioVersion = 17.10.34928.147
MinimumVisualStudioVersion = 10.0.40219.1
Project("{FAE04EC0-301F-11D3-BF4B-00C04F79EFBC}") = "GenericClassDemo", "GenericClassDemo.csproj", "{A30B7A30-814D-4A85-A0D0-88272FFD6821}"
EndProject
Global
	GlobalSection(SolutionConfigurationPlatforms) = preSolution
		Debug|Any CPU = Debug|Any CPU
		Release|Any CPU = Release|Any CPU
	EndGlobalSection
	GlobalSection(ProjectConfigurationPlatforms) = postSolution
		{A30B7A30-814D-4A85-A0D0-88272FFD6821}.Debug|Any CPU.ActiveCfg = Debug|Any CPU
		{A30B7A30-814D-4A85-A0D0-88272FFD6821}.Debug|Any CPU.Build.0 = Debug|Any CPU
		{A30B7A30-814D-4A85-A0D0-88272FFD6821}.Release|Any CPU.ActiveCfg = Release|Any CPU
		{A30B7A30-814D-4A85-A0D0-88272FFD6821}.Release|Any CPU.Build.0 = Release|Any CPU
	EndGlobalSection
	GlobalSection(SolutionProperties) = preSolution
		HideSolutionNode = FALSE
	EndGlobalSection
	GlobalSection(ExtensibilityGlobals) = postSolution
		SolutionGuid = {3FA297DB-98F5-4FDF-AD03-84A030D6256A}
	EndGlobalSection
EndGlobal
